
Microsoft Visual Studio Solution File, Format Version 12.00
# Visual Studio 2013
VisualStudioVersion = 12.0.21005.1
MinimumVisualStudioVersion = 10.0.40219.1
Project("{FAE04EC0-301F-11D3-BF4B-00C04F79EFBC}") = "DistributeCalculate", "DistributeCalculate\DistributeCalculate.csproj", "{28EB9CED-E9FD-4E71-AE69-3ECB9AACA831}"
EndProject
Project("{FAE04EC0-301F-11D3-BF4B-00C04F79EFBC}") = "DistributeCalculate.Server", "DistributeCalculate.Server\DistributeCalculate.Server.csproj", "{F7D3C89A-6621-4B21-BF0B-BB7FF9EEBE45}"
EndProject
Project("{FAE04EC0-301F-11D3-BF4B-00C04F79EFBC}") = "DistributeCalculate.Client", "DistributeCalculate.Client\DistributeCalculate.Client.csproj", "{B4D5801F-7F82-42AA-81D7-83D55BBE9C53}"
EndProject
Project("{FAE04EC0-301F-11D3-BF4B-00C04F79EFBC}") = "DistributeCalculate.Contract", "DistributeCalculate.Contract\DistributeCalculate.Contract.csproj", "{535B00D0-D656-494A-9D87-FA53E281FCB3}"
EndProject
Global
	GlobalSection(SolutionConfigurationPlatforms) = preSolution
		Debug|Any CPU = Debug|Any CPU
		Release|Any CPU = Release|Any CPU
	EndGlobalSection
	GlobalSection(ProjectConfigurationPlatforms) = postSolution
		{28EB9CED-E9FD-4E71-AE69-3ECB9AACA831}.Debug|Any CPU.ActiveCfg = Debug|Any CPU
		{28EB9CED-E9FD-4E71-AE69-3ECB9AACA831}.Debug|Any CPU.Build.0 = Debug|Any CPU
		{28EB9CED-E9FD-4E71-AE69-3ECB9AACA831}.Release|Any CPU.ActiveCfg = Release|Any CPU
		{28EB9CED-E9FD-4E71-AE69-3ECB9AACA831}.Release|Any CPU.Build.0 = Release|Any CPU
		{F7D3C89A-6621-4B21-BF0B-BB7FF9EEBE45}.Debug|Any CPU.ActiveCfg = Debug|Any CPU
		{F7D3C89A-6621-4B21-BF0B-BB7FF9EEBE45}.Debug|Any CPU.Build.0 = Debug|Any CPU
		{F7D3C89A-6621-4B21-BF0B-BB7FF9EEBE45}.Release|Any CPU.ActiveCfg = Release|Any CPU
		{F7D3C89A-6621-4B21-BF0B-BB7FF9EEBE45}.Release|Any CPU.Build.0 = Release|Any CPU
		{B4D5801F-7F82-42AA-81D7-83D55BBE9C53}.Debug|Any CPU.ActiveCfg = Debug|Any CPU
		{B4D5801F-7F82-42AA-81D7-83D55BBE9C53}.Debug|Any CPU.Build.0 = Debug|Any CPU
		{B4D5801F-7F82-42AA-81D7-83D55BBE9C53}.Release|Any CPU.ActiveCfg = Release|Any CPU
		{B4D5801F-7F82-42AA-81D7-83D55BBE9C53}.Release|Any CPU.Build.0 = Release|Any CPU
		{535B00D0-D656-494A-9D87-FA53E281FCB3}.Debug|Any CPU.ActiveCfg = Debug|Any CPU
		{535B00D0-D656-494A-9D87-FA53E281FCB3}.Debug|Any CPU.Build.0 = Debug|Any CPU
		{535B00D0-D656-494A-9D87-FA53E281FCB3}.Release|Any CPU.ActiveCfg = Release|Any CPU
		{535B00D0-D656-494A-9D87-FA53E281FCB3}.Release|Any CPU.Build.0 = Release|Any CPU
	EndGlobalSection
	GlobalSection(SolutionProperties) = preSolution
		HideSolutionNode = FALSE
	EndGlobalSection
EndGlobal
